
Microsoft Visual Studio Solution File, Format Version 12.00
# Visual Studio Version 16
VisualStudioVersion = 16.0.32228.343
MinimumVisualStudioVersion = 10.0.40219.1
Project("{FAE04EC0-301F-11D3-BF4B-00C04F79EFBC}") = "feladatempolye", "feladatempolye\feladatempolye.csproj", "{D2277410-5332-4B33-9762-6202086864B9}"
EndProject
Global
	GlobalSection(SolutionConfigurationPlatforms) = preSolution
		Debug|Any CPU = Debug|Any CPU
		Release|Any CPU = Release|Any CPU
	EndGlobalSection
	GlobalSection(ProjectConfigurationPlatforms) = postSolution
		{D2277410-5332-4B33-9762-6202086864B9}.Debug|Any CPU.ActiveCfg = Debug|Any CPU
		{D2277410-5332-4B33-9762-6202086864B9}.Debug|Any CPU.Build.0 = Debug|Any CPU
		{D2277410-5332-4B33-9762-6202086864B9}.Release|Any CPU.ActiveCfg = Release|Any CPU
		{D2277410-5332-4B33-9762-6202086864B9}.Release|Any CPU.Build.0 = Release|Any CPU
	EndGlobalSection
	GlobalSection(SolutionProperties) = preSolution
		HideSolutionNode = FALSE
	EndGlobalSection
	GlobalSection(ExtensibilityGlobals) = postSolution
		SolutionGuid = {86D8104A-5E75-45A8-B41B-707A14C14E5B}
	EndGlobalSection
EndGlobal
